
Microsoft Visual Studio Solution File, Format Version 12.00
# Visual Studio Version 17
VisualStudioVersion = 17.0.32112.339
MinimumVisualStudioVersion = 10.0.40219.1
Project("{8BC9CEB8-8B4A-11D0-8D11-00A0C91BC942}") = "Laboratory2", "Laboratory2\Laboratory2.vcxproj", "{A440ACFD-C2F8-42E7-BACE-9C1898EE68D6}"
EndProject
Global
	GlobalSection(SolutionConfigurationPlatforms) = preSolution
		Debug|x64 = Debug|x64
		Debug|x86 = Debug|x86
		Release|x64 = Release|x64
		Release|x86 = Release|x86
	EndGlobalSection
	GlobalSection(ProjectConfigurationPlatforms) = postSolution
		{A440ACFD-C2F8-42E7-BACE-9C1898EE68D6}.Debug|x64.ActiveCfg = Debug|x64
		{A440ACFD-C2F8-42E7-BACE-9C1898EE68D6}.Debug|x64.Build.0 = Debug|x64
		{A440ACFD-C2F8-42E7-BACE-9C1898EE68D6}.Debug|x86.ActiveCfg = Debug|Win32
		{A440ACFD-C2F8-42E7-BACE-9C1898EE68D6}.Debug|x86.Build.0 = Debug|Win32
		{A440ACFD-C2F8-42E7-BACE-9C1898EE68D6}.Release|x64.ActiveCfg = Release|x64
		{A440ACFD-C2F8-42E7-BACE-9C1898EE68D6}.Release|x64.Build.0 = Release|x64
		{A440ACFD-C2F8-42E7-BACE-9C1898EE68D6}.Release|x86.ActiveCfg = Release|Win32
		{A440ACFD-C2F8-42E7-BACE-9C1898EE68D6}.Release|x86.Build.0 = Release|Win32
	EndGlobalSection
	GlobalSection(SolutionProperties) = preSolution
		HideSolutionNode = FALSE
	EndGlobalSection
	GlobalSection(ExtensibilityGlobals) = postSolution
		SolutionGuid = {9E2FB69D-823A-4D6B-9BAC-DC01A9741298}
	EndGlobalSection
EndGlobal
